// !$*UTF8*$!
{
	archiveVersion = 1;
	classes = {
	};
	objectVersion = 48;
	objects = {

/* Begin PBXBuildFile section */
		072BB7671FD920EE00B9CDD1 /* AppDelegate.m in Sources */ = {isa = PBXBuildFile; fileRef = 072BB7661FD920EE00B9CDD1 /* AppDelegate.m */; };
		072BB76A1FD920EE00B9CDD1 /* ViewController.m in Sources */ = {isa = PBXBuildFile; fileRef = 072BB7691FD920EE00B9CDD1 /* ViewController.m */; };
		072BB76D1FD920EE00B9CDD1 /* Main.storyboard in Resources */ = {isa = PBXBuildFile; fileRef = 072BB76B1FD920EE00B9CDD1 /* Main.storyboard */; };
		072BB76F1FD920EE00B9CDD1 /* Assets.xcassets in Resources */ = {isa = PBXBuildFile; fileRef = 072BB76E1FD920EE00B9CDD1 /* Assets.xcassets */; };
		072BB7721FD920EE00B9CDD1 /* LaunchScreen.storyboard in Resources */ = {isa = PBXBuildFile; fileRef = 072BB7701FD920EE00B9CDD1 /* LaunchScreen.storyboard */; };
		072BB7751FD920EE00B9CDD1 /* main.m in Sources */ = {isa = PBXBuildFile; fileRef = 072BB7741FD920EE00B9CDD1 /* main.m */; };
		072BB77D1FD921F500B9CDD1 /* FKUMShareUtil.m in Sources */ = {isa = PBXBuildFile; fileRef = 072BB77C1FD921F500B9CDD1 /* FKUMShareUtil.m */; };
		072BB77F1FD9327400B9CDD1 /* 001.jpg in Resources */ = {isa = PBXBuildFile; fileRef = 072BB77E1FD9327300B9CDD1 /* 001.jpg */; };
		072BB7821FD945F700B9CDD1 /* FKLoginInfoModel.m in Sources */ = {isa = PBXBuildFile; fileRef = 072BB7811FD945F700B9CDD1 /* FKLoginInfoModel.m */; };
		E689B72444DCC81F50E42030 /* libPods-shareDemo666.a in Frameworks */ = {isa = PBXBuildFile; fileRef = C935B7B02EE5157762F7F3BE /* libPods-shareDemo666.a */; };
/* End PBXBuildFile section */

/* Begin PBXFileReference section */
		072BB7621FD920EE00B9CDD1 /* shareDemo666.app */ = {isa = PBXFileReference; explicitFileType = wrapper.application; includeInIndex = 0; path = shareDemo666.app; sourceTree = BUILT_PRODUCTS_DIR; };
		072BB7651FD920EE00B9CDD1 /* AppDelegate.h */ = {isa = PBXFileReference; lastKnownFileType = sourcecode.c.h; path = AppDelegate.h; sourceTree = "<group>"; };
		072BB7661FD920EE00B9CDD1 /* AppDelegate.m */ = {isa = PBXFileReference; lastKnownFileType = sourcecode.c.objc; path = AppDelegate.m; sourceTree = "<group>"; };
		072BB7681FD920EE00B9CDD1 /* ViewController.h */ = {isa = PBXFileReference; lastKnownFileType = sourcecode.c.h; path = ViewController.h; sourceTree = "<group>"; };
		072BB7691FD920EE00B9CDD1 /* ViewController.m */ = {isa = PBXFileReference; lastKnownFileType = sourcecode.c.objc; path = ViewController.m; sourceTree = "<group>"; };
		072BB76C1FD920EE00B9CDD1 /* Base */ = {isa = PBXFileReference; lastKnownFileType = file.storyboard; name = Base; path = Base.lproj/Main.storyboard; sourceTree = "<group>"; };
		072BB76E1FD920EE00B9CDD1 /* Assets.xcassets */ = {isa = PBXFileReference; lastKnownFileType = folder.assetcatalog; path = Assets.xcassets; sourceTree = "<group>"; };
		072BB7711FD920EE00B9CDD1 /* Base */ = {isa = PBXFileReference; lastKnownFileType = file.storyboard; name = Base; path = Base.lproj/LaunchScreen.storyboard; sourceTree = "<group>"; };
		072BB7731FD920EE00B9CDD1 /* Info.plist */ = {isa = PBXFileReference; lastKnownFileType = text.plist.xml; path = Info.plist; sourceTree = "<group>"; };
		072BB7741FD920EE00B9CDD1 /* main.m */ = {isa = PBXFileReference; lastKnownFileType = sourcecode.c.objc; path = main.m; sourceTree = "<group>"; };
		072BB77B1FD921F500B9CDD1 /* FKUMShareUtil.h */ = {isa = PBXFileReference; fileEncoding = 4; lastKnownFileType = sourcecode.c.h; path = FKUMShareUtil.h; sourceTree = "<group>"; };
		072BB77C1FD921F500B9CDD1 /* FKUMShareUtil.m */ = {isa = PBXFileReference; fileEncoding = 4; lastKnownFileType = sourcecode.c.objc; path = FKUMShareUtil.m; sourceTree = "<group>"; };
		072BB77E1FD9327300B9CDD1 /* 001.jpg */ = {isa = PBXFileReference; lastKnownFileType = image.jpeg; path = 001.jpg; sourceTree = "<group>"; };
		072BB7801FD945F700B9CDD1 /* FKLoginInfoModel.h */ = {isa = PBXFileReference; lastKnownFileType = sourcecode.c.h; path = FKLoginInfoModel.h; sourceTree = "<group>"; };
		072BB7811FD945F700B9CDD1 /* FKLoginInfoModel.m */ = {isa = PBXFileReference; lastKnownFileType = sourcecode.c.objc; path = FKLoginInfoModel.m; sourceTree = "<group>"; };
		28FA4769FDA7C4FD41070C3A /* Pods-shareDemo666.debug.xcconfig */ = {isa = PBXFileReference; includeInIndex = 1; lastKnownFileType = text.xcconfig; name = "Pods-shareDemo666.debug.xcconfig"; path = "Pods/Target Support Files/Pods-shareDemo666/Pods-shareDemo666.debug.xcconfig"; sourceTree = "<group>"; };
		83A72EDE0F636E1AACC09A73 /* Pods-shareDemo666.release.xcconfig */ = {isa = PBXFileReference; includeInIndex = 1; lastKnownFileType = text.xcconfig; name = "Pods-shareDemo666.release.xcconfig"; path = "Pods/Target Support Files/Pods-shareDemo666/Pods-shareDemo666.release.xcconfig"; sourceTree = "<group>"; };
		C935B7B02EE5157762F7F3BE /* libPods-shareDemo666.a */ = {isa = PBXFileReference; explicitFileType = archive.ar; includeInIndex = 0; path = "libPods-shareDemo666.a"; sourceTree = BUILT_PRODUCTS_DIR; };
/* End PBXFileReference section */

/* Begin PBXFrameworksBuildPhase section */
		072BB75F1FD920EE00B9CDD1 /* Frameworks */ = {
			isa = PBXFrameworksBuildPhase;
			buildActionMask = 2147483647;
			files = (
				E689B72444DCC81F50E42030 /* libPods-shareDemo666.a in Frameworks */,
			);
			runOnlyForDeploymentPostprocessing = 0;
		};
/* End PBXFrameworksBuildPhase section */

/* Begin PBXGroup section */
		072BB7591FD920EE00B9CDD1 = {
			isa = PBXGroup;
			children = (
				072BB7641FD920EE00B9CDD1 /* shareDemo666 */,
				072BB7631FD920EE00B9CDD1 /* Products */,
				AB83B77F2CA2D9055D76B3D1 /* Pods */,
				F9B981C3CBD25470C09C0216 /* Frameworks */,
			);
			sourceTree = "<group>";
		};
		072BB7631FD920EE00B9CDD1 /* Products */ = {
			isa = PBXGroup;
			children = (
				072BB7621FD920EE00B9CDD1 /* shareDemo666.app */,
			);
			name = Products;
			sourceTree = "<group>";
		};
		072BB7641FD920EE00B9CDD1 /* shareDemo666 */ = {
			isa = PBXGroup;
			children = (
				072BB77E1FD9327300B9CDD1 /* 001.jpg */,
				072BB77B1FD921F500B9CDD1 /* FKUMShareUtil.h */,
				072BB77C1FD921F500B9CDD1 /* FKUMShareUtil.m */,
				072BB7651FD920EE00B9CDD1 /* AppDelegate.h */,
				072BB7661FD920EE00B9CDD1 /* AppDelegate.m */,
				072BB7681FD920EE00B9CDD1 /* ViewController.h */,
				072BB7691FD920EE00B9CDD1 /* ViewController.m */,
				072BB76B1FD920EE00B9CDD1 /* Main.storyboard */,
				072BB76E1FD920EE00B9CDD1 /* Assets.xcassets */,
				072BB7701FD920EE00B9CDD1 /* LaunchScreen.storyboard */,
				072BB7731FD920EE00B9CDD1 /* Info.plist */,
				072BB7741FD920EE00B9CDD1 /* main.m */,
				072BB7801FD945F700B9CDD1 /* FKLoginInfoModel.h */,
				072BB7811FD945F700B9CDD1 /* FKLoginInfoModel.m */,
			);
			path = shareDemo666;
			sourceTree = "<group>";
		};
		AB83B77F2CA2D9055D76B3D1 /* Pods */ = {
			isa = PBXGroup;
			children = (
				28FA4769FDA7C4FD41070C3A /* Pods-shareDemo666.debug.xcconfig */,
				83A72EDE0F636E1AACC09A73 /* Pods-shareDemo666.release.xcconfig */,
			);
			name = Pods;
			sourceTree = "<group>";
		};
		F9B981C3CBD25470C09C0216 /* Frameworks */ = {
			isa = PBXGroup;
			children = (
				C935B7B02EE5157762F7F3BE /* libPods-shareDemo666.a */,
			);
			name = Frameworks;
			sourceTree = "<group>";
		};
/* End PBXGroup section */

/* Begin PBXNativeTarget section */
		072BB7611FD920EE00B9CDD1 /* shareDemo666 */ = {
			isa = PBXNativeTarget;
			buildConfigurationList = 072BB7781FD920EE00B9CDD1 /* Build configuration list for PBXNativeTarget "shareDemo666" */;
			buildPhases = (
				F69B6E0FE4F8E7702661DC69 /* [CP] Check Pods Manifest.lock */,
				072BB75E1FD920EE00B9CDD1 /* Sources */,
				072BB75F1FD920EE00B9CDD1 /* Frameworks */,
				072BB7601FD920EE00B9CDD1 /* Resources */,
				572B8F69F2F8AB12F02A8CFB /* [CP] Embed Pods Frameworks */,
				044130328DC490F5DC3900E1 /* [CP] Copy Pods Resources */,
			);
			buildRules = (
			);
			dependencies = (
			);
			name = shareDemo666;
			productName = shareDemo666;
			productReference = 072BB7621FD920EE00B9CDD1 /* shareDemo666.app */;
			productType = "com.apple.product-type.application";
		};
/* End PBXNativeTarget section */

/* Begin PBXProject section */
		072BB75A1FD920EE00B9CDD1 /* Project object */ = {
			isa = PBXProject;
			attributes = {
				LastUpgradeCheck = 0910;
				ORGANIZATIONNAME = frankay;
				TargetAttributes = {
					072BB7611FD920EE00B9CDD1 = {
						CreatedOnToolsVersion = 9.1;
						ProvisioningStyle = Automatic;
					};
				};
			};
			buildConfigurationList = 072BB75D1FD920EE00B9CDD1 /* Build configuration list for PBXProject "shareDemo666" */;
			compatibilityVersion = "Xcode 8.0";
			developmentRegion = en;
			hasScannedForEncodings = 0;
			knownRegions = (
				en,
				Base,
			);
			mainGroup = 072BB7591FD920EE00B9CDD1;
			productRefGroup = 072BB7631FD920EE00B9CDD1 /* Products */;
			projectDirPath = "";
			projectRoot = "";
			targets = (
				072BB7611FD920EE00B9CDD1 /* shareDemo666 */,
			);
		};
/* End PBXProject section */

/* Begin PBXResourcesBuildPhase section */
		072BB7601FD920EE00B9CDD1 /* Resources */ = {
			isa = PBXResourcesBuildPhase;
			buildActionMask = 2147483647;
			files = (
				072BB7721FD920EE00B9CDD1 /* LaunchScreen.storyboard in Resources */,
				072BB76F1FD920EE00B9CDD1 /* Assets.xcassets in Resources */,
				072BB76D1FD920EE00B9CDD1 /* Main.storyboard in Resources */,
				072BB77F1FD9327400B9CDD1 /* 001.jpg in Resources */,
			);
			runOnlyForDeploymentPostprocessing = 0;
		};
/* End PBXResourcesBuildPhase section */

/* Begin PBXShellScriptBuildPhase section */
		044130328DC490F5DC3900E1 /* [CP] Copy Pods Resources */ = {
			isa = PBXShellScriptBuildPhase;
			buildActionMask = 2147483647;
			files = (
			);
			inputPaths = (
				"${SRCROOT}/Pods/Target Support Files/Pods-shareDemo666/Pods-shareDemo666-resources.sh",
				"${PODS_ROOT}/UMengUShare/UShareSDK/UMSocialSDK/UMSocialSDKPromptResources.bundle",
				"${PODS_ROOT}/UMengUShare/UShareSDK/UMSocialUI/UMSocialSDKResources.bundle",
			);
			name = "[CP] Copy Pods Resources";
			outputPaths = (
				"${TARGET_BUILD_DIR}/${UNLOCALIZED_RESOURCES_FOLDER_PATH}",
			);
			runOnlyForDeploymentPostprocessing = 0;
			shellPath = /bin/sh;
			shellScript = "\"${SRCROOT}/Pods/Target Support Files/Pods-shareDemo666/Pods-shareDemo666-resources.sh\"\n";
			showEnvVarsInLog = 0;
		};
		572B8F69F2F8AB12F02A8CFB /* [CP] Embed Pods Frameworks */ = {
			isa = PBXShellScriptBuildPhase;
			buildActionMask = 2147483647;
			files = (
			);
			inputPaths = (
			);
			name = "[CP] Embed Pods Frameworks";
			outputPaths = (
			);
			runOnlyForDeploymentPostprocessing = 0;
			shellPath = /bin/sh;
			shellScript = "\"${SRCROOT}/Pods/Target Support Files/Pods-shareDemo666/Pods-shareDemo666-frameworks.sh\"\n";
			showEnvVarsInLog = 0;
		};
		F69B6E0FE4F8E7702661DC69 /* [CP] Check Pods Manifest.lock */ = {
			isa = PBXShellScriptBuildPhase;
			buildActionMask = 2147483647;
			files = (
			);
			inputPaths = (
				"${PODS_PODFILE_DIR_PATH}/Podfile.lock",
				"${PODS_ROOT}/Manifest.lock",
			);
			name = "[CP] Check Pods Manifest.lock";
			outputPaths = (
				"$(DERIVED_FILE_DIR)/Pods-shareDemo666-checkManifestLockResult.txt",
			);
			runOnlyForDeploymentPostprocessing = 0;
			shellPath = /bin/sh;
			shellScript = "diff \"${PODS_PODFILE_DIR_PATH}/Podfile.lock\" \"${PODS_ROOT}/Manifest.lock\" > /dev/null\nif [ $? != 0 ] ; then\n    # print error to STDERR\n    echo \"error: The sandbox is not in sync with the Podfile.lock. Run 'pod install' or update your CocoaPods installation.\" >&2\n    exit 1\nfi\n# This output is used by Xcode 'outputs' to avoid re-running this script phase.\necho \"SUCCESS\" > \"${SCRIPT_OUTPUT_FILE_0}\"\n";
			showEnvVarsInLog = 0;
		};
/* End PBXShellScriptBuildPhase section */

/* Begin PBXSourcesBuildPhase section */
		072BB75E1FD920EE00B9CDD1 /* Sources */ = {
			isa = PBXSourcesBuildPhase;
			buildActionMask = 2147483647;
			files = (
				072BB7821FD945F700B9CDD1 /* FKLoginInfoModel.m in Sources */,
				072BB76A1FD920EE00B9CDD1 /* ViewController.m in Sources */,
				072BB7751FD920EE00B9CDD1 /* main.m in Sources */,
				072BB77D1FD921F500B9CDD1 /* FKUMShareUtil.m in Sources */,
				072BB7671FD920EE00B9CDD1 /* AppDelegate.m in Sources */,
			);
			runOnlyForDeploymentPostprocessing = 0;
		};
/* End PBXSourcesBuildPhase section */

/* Begin PBXVariantGroup section */
		072BB76B1FD920EE00B9CDD1 /* Main.storyboard */ = {
			isa = PBXVariantGroup;
			children = (
				072BB76C1FD920EE00B9CDD1 /* Base */,
			);
			name = Main.storyboard;
			sourceTree = "<group>";
		};
		072BB7701FD920EE00B9CDD1 /* LaunchScreen.storyboard */ = {
			isa = PBXVariantGroup;
			children = (
				072BB7711FD920EE00B9CDD1 /* Base */,
			);
			name = LaunchScreen.storyboard;
			sourceTree = "<group>";
		};
/* End PBXVariantGroup section */

/* Begin XCBuildConfiguration section */
		072BB7761FD920EE00B9CDD1 /* Debug */ = {
			isa = XCBuildConfiguration;
			buildSettings = {
				ALWAYS_SEARCH_USER_PATHS = NO;
				CLANG_ANALYZER_NONNULL = YES;
				CLANG_ANALYZER_NUMBER_OBJECT_CONVERSION = YES_AGGRESSIVE;
				CLANG_CXX_LANGUAGE_STANDARD = "gnu++14";
				CLANG_CXX_LIBRARY = "libc++";
				CLANG_ENABLE_MODULES = YES;
				CLANG_ENABLE_OBJC_ARC = YES;
				CLANG_WARN_BLOCK_CAPTURE_AUTORELEASING = YES;
				CLANG_WARN_BOOL_CONVERSION = YES;
				CLANG_WARN_COMMA = YES;
				CLANG_WARN_CONSTANT_CONVERSION = YES;
				CLANG_WARN_DIRECT_OBJC_ISA_USAGE = YES_ERROR;
				CLANG_WARN_DOCUMENTATION_COMMENTS = YES;
				CLANG_WARN_EMPTY_BODY = YES;
				CLANG_WARN_ENUM_CONVERSION = YES;
				CLANG_WARN_INFINITE_RECURSION = YES;
				CLANG_WARN_INT_CONVERSION = YES;
				CLANG_WARN_NON_LITERAL_NULL_CONVERSION = YES;
				CLANG_WARN_OBJC_LITERAL_CONVERSION = YES;
				CLANG_WARN_OBJC_ROOT_CLASS = YES_ERROR;
				CLANG_WARN_RANGE_LOOP_ANALYSIS = YES;
				CLANG_WARN_STRICT_PROTOTYPES = YES;
				CLANG_WARN_SUSPICIOUS_MOVE = YES;
				CLANG_WARN_UNGUARDED_AVAILABILITY = YES_AGGRESSIVE;
				CLANG_WARN_UNREACHABLE_CODE = YES;
				CLANG_WARN__DUPLICATE_METHOD_MATCH = YES;
				CODE_SIGN_IDENTITY = "iPhone Developer";
				COPY_PHASE_STRIP = NO;
				DEBUG_INFORMATION_FORMAT = dwarf;
				ENABLE_STRICT_OBJC_MSGSEND = YES;
				ENABLE_TESTABILITY = YES;
				GCC_C_LANGUAGE_STANDARD = gnu11;
				GCC_DYNAMIC_NO_PIC = NO;
				GCC_NO_COMMON_BLOCKS = YES;
				GCC_OPTIMIZATION_LEVEL = 0;
				GCC_PREPROCESSOR_DEFINITIONS = (
					"DEBUG=1",
					"$(inherited)",
				);
				GCC_WARN_64_TO_32_BIT_CONVERSION = YES;
				GCC_WARN_ABOUT_RETURN_TYPE = YES_ERROR;
				GCC_WARN_UNDECLARED_SELECTOR = YES;
				GCC_WARN_UNINITIALIZED_AUTOS = YES_AGGRESSIVE;
				GCC_WARN_UNUSED_FUNCTION = YES;
				GCC_WARN_UNUSED_VARIABLE = YES;
				IPHONEOS_DEPLOYMENT_TARGET = 11.1;
				MTL_ENABLE_DEBUG_INFO = YES;
				ONLY_ACTIVE_ARCH = YES;
				SDKROOT = iphoneos;
			};
			name = Debug;
		};
		072BB7771FD920EE00B9CDD1 /* Release */ = {
			isa = XCBuildConfiguration;
			buildSettings = {
				ALWAYS_SEARCH_USER_PATHS = NO;
				CLANG_ANALYZER_NONNULL = YES;
				CLANG_ANALYZER_NUMBER_OBJECT_CONVERSION = YES_AGGRESSIVE;
				CLANG_CXX_LANGUAGE_STANDARD = "gnu++14";
				CLANG_CXX_LIBRARY = "libc++";
				CLANG_ENABLE_MODULES = YES;
				CLANG_ENABLE_OBJC_ARC = YES;
				CLANG_WARN_BLOCK_CAPTURE_AUTORELEASING = YES;
				CLANG_WARN_BOOL_CONVERSION = YES;
				CLANG_WARN_COMMA = YES;
				CLANG_WARN_CONSTANT_CONVERSION = YES;
				CLANG_WARN_DIRECT_OBJC_ISA_USAGE = YES_ERROR;
				CLANG_WARN_DOCUMENTATION_COMMENTS = YES;
				CLANG_WARN_EMPTY_BODY = YES;
				CLANG_WARN_ENUM_CONVERSION = YES;
				CLANG_WARN_INFINITE_RECURSION = YES;
				CLANG_WARN_INT_CONVERSION = YES;
				CLANG_WARN_NON_LITERAL_NULL_CONVERSION = YES;
				CLANG_WARN_OBJC_LITERAL_CONVERSION = YES;
				CLANG_WARN_OBJC_ROOT_CLASS = YES_ERROR;
				CLANG_WARN_RANGE_LOOP_ANALYSIS = YES;
				CLANG_WARN_STRICT_PROTOTYPES = YES;
				CLANG_WARN_SUSPICIOUS_MOVE = YES;
				CLANG_WARN_UNGUARDED_AVAILABILITY = YES_AGGRESSIVE;
				CLANG_WARN_UNREACHABLE_CODE = YES;
				CLANG_WARN__DUPLICATE_METHOD_MATCH = YES;
				CODE_SIGN_IDENTITY = "iPhone Developer";
				COPY_PHASE_STRIP = NO;
				DEBUG_INFORMATION_FORMAT = "dwarf-with-dsym";
				ENABLE_NS_ASSERTIONS = NO;
				ENABLE_STRICT_OBJC_MSGSEND = YES;
				GCC_C_LANGUAGE_STANDARD = gnu11;
				GCC_NO_COMMON_BLOCKS = YES;
				GCC_WARN_64_TO_32_BIT_CONVERSION = YES;
				GCC_WARN_ABOUT_RETURN_TYPE = YES_ERROR;
				GCC_WARN_UNDECLARED_SELECTOR = YES;
				GCC_WARN_UNINITIALIZED_AUTOS = YES_AGGRESSIVE;
				GCC_WARN_UNUSED_FUNCTION = YES;
				GCC_WARN_UNUSED_VARIABLE = YES;
				IPHONEOS_DEPLOYMENT_TARGET = 11.1;
				MTL_ENABLE_DEBUG_INFO = NO;
				SDKROOT = iphoneos;
				VALIDATE_PRODUCT = YES;
			};
			name = Release;
		};
		072BB7791FD920EE00B9CDD1 /* Debug */ = {
			isa = XCBuildConfiguration;
			baseConfigurationReference = 28FA4769FDA7C4FD41070C3A /* Pods-shareDemo666.debug.xcconfig */;
			buildSettings = {
				ASSETCATALOG_COMPILER_APPICON_NAME = AppIcon;
				CODE_SIGN_STYLE = Automatic;
				DEVELOPMENT_TEAM = R97CKB4M3V;
				INFOPLIST_FILE = shareDemo666/Info.plist;
				IPHONEOS_DEPLOYMENT_TARGET = 9.0;
				LD_RUNPATH_SEARCH_PATHS = "$(inherited) @executable_path/Frameworks";
				PRODUCT_BUNDLE_IDENTIFIER = com.frankay.shareDemo666;
				PRODUCT_NAME = "$(TARGET_NAME)";
				TARGETED_DEVICE_FAMILY = "1,2";
			};
			name = Debug;
		};
		072BB77A1FD920EE00B9CDD1 /* Release */ = {
			isa = XCBuildConfiguration;
			baseConfigurationReference = 83A72EDE0F636E1AACC09A73 /* Pods-shareDemo666.release.xcconfig */;
			buildSettings = {
				ASSETCATALOG_COMPILER_APPICON_NAME = AppIcon;
				CODE_SIGN_STYLE = Automatic;
				DEVELOPMENT_TEAM = R97CKB4M3V;
				INFOPLIST_FILE = shareDemo666/Info.plist;
				IPHONEOS_DEPLOYMENT_TARGET = 9.0;
				LD_RUNPATH_SEARCH_PATHS = "$(inherited) @executable_path/Frameworks";
				PRODUCT_BUNDLE_IDENTIFIER = com.frankay.shareDemo666;
				PRODUCT_NAME = "$(TARGET_NAME)";
				TARGETED_DEVICE_FAMILY = "1,2";
			};
			name = Release;
		};
/* End XCBuildConfiguration section */

/* Begin XCConfigurationList section */
		072BB75D1FD920EE00B9CDD1 /* Build configuration list for PBXProject "shareDemo666" */ = {
			isa = XCConfigurationList;
			buildConfigurations = (
				072BB7761FD920EE00B9CDD1 /* Debug */,
				072BB7771FD920EE00B9CDD1 /* Release */,
			);
			defaultConfigurationIsVisible = 0;
			defaultConfigurationName = Release;
		};
		072BB7781FD920EE00B9CDD1 /* Build configuration list for PBXNativeTarget "shareDemo666" */ = {
			isa = XCConfigurationList;
			buildConfigurations = (
				072BB7791FD920EE00B9CDD1 /* Debug */,
				072BB77A1FD920EE00B9CDD1 /* Release */,
			);
			defaultConfigurationIsVisible = 0;
			defaultConfigurationName = Release;
		};
/* End XCConfigurationList section */
	};
	rootObject = 072BB75A1FD920EE00B9CDD1 /* Project object */;
}
